
Microsoft Visual Studio Solution File, Format Version 12.00
# Visual Studio Version 17
VisualStudioVersion = 17.13.35825.156 d17.13
MinimumVisualStudioVersion = 10.0.40219.1
Project("{FAE04EC0-301F-11D3-BF4B-00C04F79EFBC}") = "Poliklinika_DB_UI", "Poliklinika_DB_UI.csproj", "{7F3D3560-C9DD-408D-8A23-D8448BE69F76}"
EndProject
Global
	GlobalSection(SolutionConfigurationPlatforms) = preSolution
		Debug|Any CPU = Debug|Any CPU
		Release|Any CPU = Release|Any CPU
	EndGlobalSection
	GlobalSection(ProjectConfigurationPlatforms) = postSolution
		{7F3D3560-C9DD-408D-8A23-D8448BE69F76}.Debug|Any CPU.ActiveCfg = Debug|Any CPU
		{7F3D3560-C9DD-408D-8A23-D8448BE69F76}.Debug|Any CPU.Build.0 = Debug|Any CPU
		{7F3D3560-C9DD-408D-8A23-D8448BE69F76}.Release|Any CPU.ActiveCfg = Release|Any CPU
		{7F3D3560-C9DD-408D-8A23-D8448BE69F76}.Release|Any CPU.Build.0 = Release|Any CPU
	EndGlobalSection
	GlobalSection(SolutionProperties) = preSolution
		HideSolutionNode = FALSE
	EndGlobalSection
	GlobalSection(ExtensibilityGlobals) = postSolution
		SolutionGuid = {10B3EDA4-2770-4BF6-9610-BFE2A67383CA}
	EndGlobalSection
EndGlobal
